
Microsoft Visual Studio Solution File, Format Version 12.00
# Visual Studio Version 16
VisualStudioVersion = 16.0.31402.337
MinimumVisualStudioVersion = 10.0.40219.1
Project("{FAE04EC0-301F-11D3-BF4B-00C04F79EFBC}") = "snake", "snake\snake.csproj", "{12B62CA7-3EFE-4DF6-A457-BDEA6FA0C83D}"
EndProject
Global
	GlobalSection(SolutionConfigurationPlatforms) = preSolution
		Debug|Any CPU = Debug|Any CPU
		Release|Any CPU = Release|Any CPU
	EndGlobalSection
	GlobalSection(ProjectConfigurationPlatforms) = postSolution
		{12B62CA7-3EFE-4DF6-A457-BDEA6FA0C83D}.Debug|Any CPU.ActiveCfg = Debug|Any CPU
		{12B62CA7-3EFE-4DF6-A457-BDEA6FA0C83D}.Debug|Any CPU.Build.0 = Debug|Any CPU
		{12B62CA7-3EFE-4DF6-A457-BDEA6FA0C83D}.Release|Any CPU.ActiveCfg = Release|Any CPU
		{12B62CA7-3EFE-4DF6-A457-BDEA6FA0C83D}.Release|Any CPU.Build.0 = Release|Any CPU
	EndGlobalSection
	GlobalSection(SolutionProperties) = preSolution
		HideSolutionNode = FALSE
	EndGlobalSection
	GlobalSection(ExtensibilityGlobals) = postSolution
		SolutionGuid = {C16F85D4-B271-4D5D-8108-C2D51AF30DC3}
	EndGlobalSection
EndGlobal
